
Microsoft Visual Studio Solution File, Format Version 12.00
# Visual Studio Version 16
VisualStudioVersion = 16.0.31112.23
MinimumVisualStudioVersion = 10.0.40219.1
Project("{FAE04EC0-301F-11D3-BF4B-00C04F79EFBC}") = "Dont poweroff", "Dont poweroff\Dont poweroff.csproj", "{5C5422E5-129A-43B1-B0FD-39973D3AC3CF}"
EndProject
Global
	GlobalSection(SolutionConfigurationPlatforms) = preSolution
		Debug|Any CPU = Debug|Any CPU
		Release|Any CPU = Release|Any CPU
	EndGlobalSection
	GlobalSection(ProjectConfigurationPlatforms) = postSolution
		{5C5422E5-129A-43B1-B0FD-39973D3AC3CF}.Debug|Any CPU.ActiveCfg = Debug|Any CPU
		{5C5422E5-129A-43B1-B0FD-39973D3AC3CF}.Debug|Any CPU.Build.0 = Debug|Any CPU
		{5C5422E5-129A-43B1-B0FD-39973D3AC3CF}.Release|Any CPU.ActiveCfg = Release|Any CPU
		{5C5422E5-129A-43B1-B0FD-39973D3AC3CF}.Release|Any CPU.Build.0 = Release|Any CPU
	EndGlobalSection
	GlobalSection(SolutionProperties) = preSolution
		HideSolutionNode = FALSE
	EndGlobalSection
	GlobalSection(ExtensibilityGlobals) = postSolution
		SolutionGuid = {A19C7EBA-2D55-4272-9C71-55FB20385FE1}
	EndGlobalSection
EndGlobal
